
Microsoft Visual Studio Solution File, Format Version 12.00
# Visual Studio Version 17
VisualStudioVersion = 17.0.31903.59
MinimumVisualStudioVersion = 10.0.40219.1
Project("{2150E333-8FDC-42A3-9474-1A3956D46DE8}") = "src", "src", "{827E0CD3-B72D-47B6-A68D-7590B98EB39B}"
EndProject
Project("{FAE04EC0-301F-11D3-BF4B-00C04F79EFBC}") = "Cyaim.Authentication.Abstractions", "src\Cyaim.Authentication.Abstractions\Cyaim.Authentication.Abstractions.csproj", "{FB16022F-AB25-4563-8161-B8EA0A175819}"
EndProject
Project("{FAE04EC0-301F-11D3-BF4B-00C04F79EFBC}") = "Cyaim.Authentication.Core", "src\Cyaim.Authentication.Core\Cyaim.Authentication.Core.csproj", "{4A6F9D97-0E0A-4D1B-A354-6F16A7FC7523}"
EndProject
Project("{FAE04EC0-301F-11D3-BF4B-00C04F79EFBC}") = "Cyaim.Authentication", "src\Cyaim.Authentication\Cyaim.Authentication.csproj", "{DC4AD62F-4FA7-4312-B4D4-B6F700CC4E88}"
EndProject
Project("{FAE04EC0-301F-11D3-BF4B-00C04F79EFBC}") = "Cyaim.Authentication.Server", "src\Cyaim.Authentication.Server\Cyaim.Authentication.Server.csproj", "{5C678F8A-323A-40C3-93D7-684FDC67A57A}"
EndProject
Project("{FAE04EC0-301F-11D3-BF4B-00C04F79EFBC}") = "Cyaim.Authentication.AdminPanel", "src\Cyaim.Authentication.AdminPanel\Cyaim.Authentication.AdminPanel.csproj", "{F6B1148D-FBD0-44F5-BE08-7E82CA218E81}"
EndProject
Project("{FAE04EC0-301F-11D3-BF4B-00C04F79EFBC}") = "Cyaim.Authentication.Client", "src\Cyaim.Authentication.Client\Cyaim.Authentication.Client.csproj", "{6473AF20-A3E1-40B7-B915-87577A3C8E92}"
EndProject
Project("{FAE04EC0-301F-11D3-BF4B-00C04F79EFBC}") = "Cyaim.Authentication.EntityFrameworkCore", "src\Cyaim.Authentication.EntityFrameworkCore\Cyaim.Authentication.EntityFrameworkCore.csproj", "{525219D4-B8F3-40D3-9345-3799F52C728C}"
EndProject
Project("{2150E333-8FDC-42A3-9474-1A3956D46DE8}") = "tests", "tests", "{0AB3BF05-4346-4AA6-1389-037BE0695223}"
EndProject
Project("{FAE04EC0-301F-11D3-BF4B-00C04F79EFBC}") = "Cyaim.Authentication.Tests", "tests\Cyaim.Authentication.Tests\Cyaim.Authentication.Tests.csproj", "{C968670B-7E5A-4EC9-B744-4BEBC98B2211}"
EndProject
Project("{FAE04EC0-301F-11D3-BF4B-00C04F79EFBC}") = "Cyaim.Authentication.IntegrationTests", "tests\Cyaim.Authentication.IntegrationTests\Cyaim.Authentication.IntegrationTests.csproj", "{54588DB4-7F70-4CD8-9870-39C64E3DED0C}"
EndProject
Project("{FAE04EC0-301F-11D3-BF4B-00C04F79EFBC}") = "Cyaim.Authentication.Benchmarks", "tests\Cyaim.Authentication.Benchmarks\Cyaim.Authentication.Benchmarks.csproj", "{222F6B09-0648-4215-9922-D47A23B3C768}"
EndProject
Project("{FAE04EC0-301F-11D3-BF4B-00C04F79EFBC}") = "Cyaim.Authentication.ClusterTests", "tests\Cyaim.Authentication.ClusterTests\Cyaim.Authentication.ClusterTests.csproj", "{8BE057B1-90C2-48D8-9CAC-2BFF53F812A5}"
EndProject
Global
	GlobalSection(SolutionConfigurationPlatforms) = preSolution
		Debug|Any CPU = Debug|Any CPU
		Debug|x64 = Debug|x64
		Debug|x86 = Debug|x86
		Release|Any CPU = Release|Any CPU
		Release|x64 = Release|x64
		Release|x86 = Release|x86
	EndGlobalSection
	GlobalSection(ProjectConfigurationPlatforms) = postSolution
		{FB16022F-AB25-4563-8161-B8EA0A175819}.Debug|Any CPU.ActiveCfg = Debug|Any CPU
		{FB16022F-AB25-4563-8161-B8EA0A175819}.Debug|Any CPU.Build.0 = Debug|Any CPU
		{FB16022F-AB25-4563-8161-B8EA0A175819}.Debug|x64.ActiveCfg = Debug|Any CPU
		{FB16022F-AB25-4563-8161-B8EA0A175819}.Debug|x64.Build.0 = Debug|Any CPU
		{FB16022F-AB25-4563-8161-B8EA0A175819}.Debug|x86.ActiveCfg = Debug|Any CPU
		{FB16022F-AB25-4563-8161-B8EA0A175819}.Debug|x86.Build.0 = Debug|Any CPU
		{FB16022F-AB25-4563-8161-B8EA0A175819}.Release|Any CPU.ActiveCfg = Release|Any CPU
		{FB16022F-AB25-4563-8161-B8EA0A175819}.Release|Any CPU.Build.0 = Release|Any CPU
		{FB16022F-AB25-4563-8161-B8EA0A175819}.Release|x64.ActiveCfg = Release|Any CPU
		{FB16022F-AB25-4563-8161-B8EA0A175819}.Release|x64.Build.0 = Release|Any CPU
		{FB16022F-AB25-4563-8161-B8EA0A175819}.Release|x86.ActiveCfg = Release|Any CPU
		{FB16022F-AB25-4563-8161-B8EA0A175819}.Release|x86.Build.0 = Release|Any CPU
		{4A6F9D97-0E0A-4D1B-A354-6F16A7FC7523}.Debug|Any CPU.ActiveCfg = Debug|Any CPU
		{4A6F9D97-0E0A-4D1B-A354-6F16A7FC7523}.Debug|Any CPU.Build.0 = Debug|Any CPU
		{4A6F9D97-0E0A-4D1B-A354-6F16A7FC7523}.Debug|x64.ActiveCfg = Debug|Any CPU
		{4A6F9D97-0E0A-4D1B-A354-6F16A7FC7523}.Debug|x64.Build.0 = Debug|Any CPU
		{4A6F9D97-0E0A-4D1B-A354-6F16A7FC7523}.Debug|x86.ActiveCfg = Debug|Any CPU
		{4A6F9D97-0E0A-4D1B-A354-6F16A7FC7523}.Debug|x86.Build.0 = Debug|Any CPU
		{4A6F9D97-0E0A-4D1B-A354-6F16A7FC7523}.Release|Any CPU.ActiveCfg = Release|Any CPU
		{4A6F9D97-0E0A-4D1B-A354-6F16A7FC7523}.Release|Any CPU.Build.0 = Release|Any CPU
		{4A6F9D97-0E0A-4D1B-A354-6F16A7FC7523}.Release|x64.ActiveCfg = Release|Any CPU
		{4A6F9D97-0E0A-4D1B-A354-6F16A7FC7523}.Release|x64.Build.0 = Release|Any CPU
		{4A6F9D97-0E0A-4D1B-A354-6F16A7FC7523}.Release|x86.ActiveCfg = Release|Any CPU
		{4A6F9D97-0E0A-4D1B-A354-6F16A7FC7523}.Release|x86.Build.0 = Release|Any CPU
		{DC4AD62F-4FA7-4312-B4D4-B6F700CC4E88}.Debug|Any CPU.ActiveCfg = Debug|Any CPU
		{DC4AD62F-4FA7-4312-B4D4-B6F700CC4E88}.Debug|Any CPU.Build.0 = Debug|Any CPU
		{DC4AD62F-4FA7-4312-B4D4-B6F700CC4E88}.Debug|x64.ActiveCfg = Debug|Any CPU
		{DC4AD62F-4FA7-4312-B4D4-B6F700CC4E88}.Debug|x64.Build.0 = Debug|Any CPU
		{DC4AD62F-4FA7-4312-B4D4-B6F700CC4E88}.Debug|x86.ActiveCfg = Debug|Any CPU
		{DC4AD62F-4FA7-4312-B4D4-B6F700CC4E88}.Debug|x86.Build.0 = Debug|Any CPU
		{DC4AD62F-4FA7-4312-B4D4-B6F700CC4E88}.Release|Any CPU.ActiveCfg = Release|Any CPU
		{DC4AD62F-4FA7-4312-B4D4-B6F700CC4E88}.Release|Any CPU.Build.0 = Release|Any CPU
		{DC4AD62F-4FA7-4312-B4D4-B6F700CC4E88}.Release|x64.ActiveCfg = Release|Any CPU
		{DC4AD62F-4FA7-4312-B4D4-B6F700CC4E88}.Release|x64.Build.0 = Release|Any CPU
		{DC4AD62F-4FA7-4312-B4D4-B6F700CC4E88}.Release|x86.ActiveCfg = Release|Any CPU
		{DC4AD62F-4FA7-4312-B4D4-B6F700CC4E88}.Release|x86.Build.0 = Release|Any CPU
		{5C678F8A-323A-40C3-93D7-684FDC67A57A}.Debug|Any CPU.ActiveCfg = Debug|Any CPU
		{5C678F8A-323A-40C3-93D7-684FDC67A57A}.Debug|Any CPU.Build.0 = Debug|Any CPU
		{5C678F8A-323A-40C3-93D7-684FDC67A57A}.Debug|x64.ActiveCfg = Debug|Any CPU
		{5C678F8A-323A-40C3-93D7-684FDC67A57A}.Debug|x64.Build.0 = Debug|Any CPU
		{5C678F8A-323A-40C3-93D7-684FDC67A57A}.Debug|x86.ActiveCfg = Debug|Any CPU
		{5C678F8A-323A-40C3-93D7-684FDC67A57A}.Debug|x86.Build.0 = Debug|Any CPU
		{5C678F8A-323A-40C3-93D7-684FDC67A57A}.Release|Any CPU.ActiveCfg = Release|Any CPU
		{5C678F8A-323A-40C3-93D7-684FDC67A57A}.Release|Any CPU.Build.0 = Release|Any CPU
		{5C678F8A-323A-40C3-93D7-684FDC67A57A}.Release|x64.ActiveCfg = Release|Any CPU
		{5C678F8A-323A-40C3-93D7-684FDC67A57A}.Release|x64.Build.0 = Release|Any CPU
		{5C678F8A-323A-40C3-93D7-684FDC67A57A}.Release|x86.ActiveCfg = Release|Any CPU
		{5C678F8A-323A-40C3-93D7-684FDC67A57A}.Release|x86.Build.0 = Release|Any CPU
		{F6B1148D-FBD0-44F5-BE08-7E82CA218E81}.Debug|Any CPU.ActiveCfg = Debug|Any CPU
		{F6B1148D-FBD0-44F5-BE08-7E82CA218E81}.Debug|Any CPU.Build.0 = Debug|Any CPU
		{F6B1148D-FBD0-44F5-BE08-7E82CA218E81}.Debug|x64.ActiveCfg = Debug|Any CPU
		{F6B1148D-FBD0-44F5-BE08-7E82CA218E81}.Debug|x64.Build.0 = Debug|Any CPU
		{F6B1148D-FBD0-44F5-BE08-7E82CA218E81}.Debug|x86.ActiveCfg = Debug|Any CPU
		{F6B1148D-FBD0-44F5-BE08-7E82CA218E81}.Debug|x86.Build.0 = Debug|Any CPU
		{F6B1148D-FBD0-44F5-BE08-7E82CA218E81}.Release|Any CPU.ActiveCfg = Release|Any CPU
		{F6B1148D-FBD0-44F5-BE08-7E82CA218E81}.Release|Any CPU.Build.0 = Release|Any CPU
		{F6B1148D-FBD0-44F5-BE08-7E82CA218E81}.Release|x64.ActiveCfg = Release|Any CPU
		{F6B1148D-FBD0-44F5-BE08-7E82CA218E81}.Release|x64.Build.0 = Release|Any CPU
		{F6B1148D-FBD0-44F5-BE08-7E82CA218E81}.Release|x86.ActiveCfg = Release|Any CPU
		{F6B1148D-FBD0-44F5-BE08-7E82CA218E81}.Release|x86.Build.0 = Release|Any CPU
		{6473AF20-A3E1-40B7-B915-87577A3C8E92}.Debug|Any CPU.ActiveCfg = Debug|Any CPU
		{6473AF20-A3E1-40B7-B915-87577A3C8E92}.Debug|Any CPU.Build.0 = Debug|Any CPU
		{6473AF20-A3E1-40B7-B915-87577A3C8E92}.Debug|x64.ActiveCfg = Debug|Any CPU
		{6473AF20-A3E1-40B7-B915-87577A3C8E92}.Debug|x64.Build.0 = Debug|Any CPU
		{6473AF20-A3E1-40B7-B915-87577A3C8E92}.Debug|x86.ActiveCfg = Debug|Any CPU
		{6473AF20-A3E1-40B7-B915-87577A3C8E92}.Debug|x86.Build.0 = Debug|Any CPU
		{6473AF20-A3E1-40B7-B915-87577A3C8E92}.Release|Any CPU.ActiveCfg = Release|Any CPU
		{6473AF20-A3E1-40B7-B915-87577A3C8E92}.Release|Any CPU.Build.0 = Release|Any CPU
		{6473AF20-A3E1-40B7-B915-87577A3C8E92}.Release|x64.ActiveCfg = Release|Any CPU
		{6473AF20-A3E1-40B7-B915-87577A3C8E92}.Release|x64.Build.0 = Release|Any CPU
		{6473AF20-A3E1-40B7-B915-87577A3C8E92}.Release|x86.ActiveCfg = Release|Any CPU
		{6473AF20-A3E1-40B7-B915-87577A3C8E92}.Release|x86.Build.0 = Release|Any CPU
		{525219D4-B8F3-40D3-9345-3799F52C728C}.Debug|Any CPU.ActiveCfg = Debug|Any CPU
		{525219D4-B8F3-40D3-9345-3799F52C728C}.Debug|Any CPU.Build.0 = Debug|Any CPU
		{525219D4-B8F3-40D3-9345-3799F52C728C}.Debug|x64.ActiveCfg = Debug|Any CPU
		{525219D4-B8F3-40D3-9345-3799F52C728C}.Debug|x64.Build.0 = Debug|Any CPU
		{525219D4-B8F3-40D3-9345-3799F52C728C}.Debug|x86.ActiveCfg = Debug|Any CPU
		{525219D4-B8F3-40D3-9345-3799F52C728C}.Debug|x86.Build.0 = Debug|Any CPU
		{525219D4-B8F3-40D3-9345-3799F52C728C}.Release|Any CPU.ActiveCfg = Release|Any CPU
		{525219D4-B8F3-40D3-9345-3799F52C728C}.Release|Any CPU.Build.0 = Release|Any CPU
		{525219D4-B8F3-40D3-9345-3799F52C728C}.Release|x64.ActiveCfg = Release|Any CPU
		{525219D4-B8F3-40D3-9345-3799F52C728C}.Release|x64.Build.0 = Release|Any CPU
		{525219D4-B8F3-40D3-9345-3799F52C728C}.Release|x86.ActiveCfg = Release|Any CPU
		{525219D4-B8F3-40D3-9345-3799F52C728C}.Release|x86.Build.0 = Release|Any CPU
		{C968670B-7E5A-4EC9-B744-4BEBC98B2211}.Debug|Any CPU.ActiveCfg = Debug|Any CPU
		{C968670B-7E5A-4EC9-B744-4BEBC98B2211}.Debug|Any CPU.Build.0 = Debug|Any CPU
		{C968670B-7E5A-4EC9-B744-4BEBC98B2211}.Debug|x64.ActiveCfg = Debug|Any CPU
		{C968670B-7E5A-4EC9-B744-4BEBC98B2211}.Debug|x64.Build.0 = Debug|Any CPU
		{C968670B-7E5A-4EC9-B744-4BEBC98B2211}.Debug|x86.ActiveCfg = Debug|Any CPU
		{C968670B-7E5A-4EC9-B744-4BEBC98B2211}.Debug|x86.Build.0 = Debug|Any CPU
		{C968670B-7E5A-4EC9-B744-4BEBC98B2211}.Release|Any CPU.ActiveCfg = Release|Any CPU
		{C968670B-7E5A-4EC9-B744-4BEBC98B2211}.Release|Any CPU.Build.0 = Release|Any CPU
		{C968670B-7E5A-4EC9-B744-4BEBC98B2211}.Release|x64.ActiveCfg = Release|Any CPU
		{C968670B-7E5A-4EC9-B744-4BEBC98B2211}.Release|x64.Build.0 = Release|Any CPU
		{C968670B-7E5A-4EC9-B744-4BEBC98B2211}.Release|x86.ActiveCfg = Release|Any CPU
		{C968670B-7E5A-4EC9-B744-4BEBC98B2211}.Release|x86.Build.0 = Release|Any CPU
		{54588DB4-7F70-4CD8-9870-39C64E3DED0C}.Debug|Any CPU.ActiveCfg = Debug|Any CPU
		{54588DB4-7F70-4CD8-9870-39C64E3DED0C}.Debug|Any CPU.Build.0 = Debug|Any CPU
		{54588DB4-7F70-4CD8-9870-39C64E3DED0C}.Debug|x64.ActiveCfg = Debug|Any CPU
		{54588DB4-7F70-4CD8-9870-39C64E3DED0C}.Debug|x64.Build.0 = Debug|Any CPU
		{54588DB4-7F70-4CD8-9870-39C64E3DED0C}.Debug|x86.ActiveCfg = Debug|Any CPU
		{54588DB4-7F70-4CD8-9870-39C64E3DED0C}.Debug|x86.Build.0 = Debug|Any CPU
		{54588DB4-7F70-4CD8-9870-39C64E3DED0C}.Release|Any CPU.ActiveCfg = Release|Any CPU
		{54588DB4-7F70-4CD8-9870-39C64E3DED0C}.Release|Any CPU.Build.0 = Release|Any CPU
		{54588DB4-7F70-4CD8-9870-39C64E3DED0C}.Release|x64.ActiveCfg = Release|Any CPU
		{54588DB4-7F70-4CD8-9870-39C64E3DED0C}.Release|x64.Build.0 = Release|Any CPU
		{54588DB4-7F70-4CD8-9870-39C64E3DED0C}.Release|x86.ActiveCfg = Release|Any CPU
		{54588DB4-7F70-4CD8-9870-39C64E3DED0C}.Release|x86.Build.0 = Release|Any CPU
		{222F6B09-0648-4215-9922-D47A23B3C768}.Debug|Any CPU.ActiveCfg = Debug|Any CPU
		{222F6B09-0648-4215-9922-D47A23B3C768}.Debug|Any CPU.Build.0 = Debug|Any CPU
		{222F6B09-0648-4215-9922-D47A23B3C768}.Debug|x64.ActiveCfg = Debug|Any CPU
		{222F6B09-0648-4215-9922-D47A23B3C768}.Debug|x64.Build.0 = Debug|Any CPU
		{222F6B09-0648-4215-9922-D47A23B3C768}.Debug|x86.ActiveCfg = Debug|Any CPU
		{222F6B09-0648-4215-9922-D47A23B3C768}.Debug|x86.Build.0 = Debug|Any CPU
		{222F6B09-0648-4215-9922-D47A23B3C768}.Release|Any CPU.ActiveCfg = Release|Any CPU
		{222F6B09-0648-4215-9922-D47A23B3C768}.Release|Any CPU.Build.0 = Release|Any CPU
		{222F6B09-0648-4215-9922-D47A23B3C768}.Release|x64.ActiveCfg = Release|Any CPU
		{222F6B09-0648-4215-9922-D47A23B3C768}.Release|x64.Build.0 = Release|Any CPU
		{222F6B09-0648-4215-9922-D47A23B3C768}.Release|x86.ActiveCfg = Release|Any CPU
		{222F6B09-0648-4215-9922-D47A23B3C768}.Release|x86.Build.0 = Release|Any CPU
		{8BE057B1-90C2-48D8-9CAC-2BFF53F812A5}.Debug|Any CPU.ActiveCfg = Debug|Any CPU
		{8BE057B1-90C2-48D8-9CAC-2BFF53F812A5}.Debug|Any CPU.Build.0 = Debug|Any CPU
		{8BE057B1-90C2-48D8-9CAC-2BFF53F812A5}.Debug|x64.ActiveCfg = Debug|Any CPU
		{8BE057B1-90C2-48D8-9CAC-2BFF53F812A5}.Debug|x64.Build.0 = Debug|Any CPU
		{8BE057B1-90C2-48D8-9CAC-2BFF53F812A5}.Debug|x86.ActiveCfg = Debug|Any CPU
		{8BE057B1-90C2-48D8-9CAC-2BFF53F812A5}.Debug|x86.Build.0 = Debug|Any CPU
		{8BE057B1-90C2-48D8-9CAC-2BFF53F812A5}.Release|Any CPU.ActiveCfg = Release|Any CPU
		{8BE057B1-90C2-48D8-9CAC-2BFF53F812A5}.Release|Any CPU.Build.0 = Release|Any CPU
		{8BE057B1-90C2-48D8-9CAC-2BFF53F812A5}.Release|x64.ActiveCfg = Release|Any CPU
		{8BE057B1-90C2-48D8-9CAC-2BFF53F812A5}.Release|x64.Build.0 = Release|Any CPU
		{8BE057B1-90C2-48D8-9CAC-2BFF53F812A5}.Release|x86.ActiveCfg = Release|Any CPU
		{8BE057B1-90C2-48D8-9CAC-2BFF53F812A5}.Release|x86.Build.0 = Release|Any CPU
	EndGlobalSection
	GlobalSection(SolutionProperties) = preSolution
		HideSolutionNode = FALSE
	EndGlobalSection
	GlobalSection(NestedProjects) = preSolution
		{FB16022F-AB25-4563-8161-B8EA0A175819} = {827E0CD3-B72D-47B6-A68D-7590B98EB39B}
		{4A6F9D97-0E0A-4D1B-A354-6F16A7FC7523} = {827E0CD3-B72D-47B6-A68D-7590B98EB39B}
		{DC4AD62F-4FA7-4312-B4D4-B6F700CC4E88} = {827E0CD3-B72D-47B6-A68D-7590B98EB39B}
		{5C678F8A-323A-40C3-93D7-684FDC67A57A} = {827E0CD3-B72D-47B6-A68D-7590B98EB39B}
		{F6B1148D-FBD0-44F5-BE08-7E82CA218E81} = {827E0CD3-B72D-47B6-A68D-7590B98EB39B}
		{6473AF20-A3E1-40B7-B915-87577A3C8E92} = {827E0CD3-B72D-47B6-A68D-7590B98EB39B}
		{525219D4-B8F3-40D3-9345-3799F52C728C} = {827E0CD3-B72D-47B6-A68D-7590B98EB39B}
		{C968670B-7E5A-4EC9-B744-4BEBC98B2211} = {0AB3BF05-4346-4AA6-1389-037BE0695223}
		{54588DB4-7F70-4CD8-9870-39C64E3DED0C} = {0AB3BF05-4346-4AA6-1389-037BE0695223}
		{222F6B09-0648-4215-9922-D47A23B3C768} = {0AB3BF05-4346-4AA6-1389-037BE0695223}
		{8BE057B1-90C2-48D8-9CAC-2BFF53F812A5} = {0AB3BF05-4346-4AA6-1389-037BE0695223}
	EndGlobalSection
EndGlobal
