
Microsoft Visual Studio Solution File, Format Version 12.00
# Visual Studio Version 16
VisualStudioVersion = 16.0.30611.23
MinimumVisualStudioVersion = 10.0.40219.1
Project("{9A19103F-16F7-4668-BE54-9A1E7A4F7556}") = "Cyaim.Authentication", "Cyaim.Authentication\Cyaim.Authentication.csproj", "{7AE0346C-473D-4972-8F4B-0EC30DA38A1C}"
EndProject
Project("{9A19103F-16F7-4668-BE54-9A1E7A4F7556}") = "Cyaim.Authentication.MigrateCLI", "Cyaim.Authentication.MigrateCLI\Cyaim.Authentication.MigrateCLI.csproj", "{BA9A59D0-2456-4DD9-8A9A-277D7569BE80}"
EndProject
Project("{FAE04EC0-301F-11D3-BF4B-00C04F79EFBC}") = "Cyaim.Authentication.OpenApi", "Cyaim.Authentication.OpenApi\Cyaim.Authentication.OpenApi.csproj", "{6AF29E4E-9215-4686-B465-E44E851497F5}"
EndProject
Global
	GlobalSection(SolutionConfigurationPlatforms) = preSolution
		Debug|Any CPU = Debug|Any CPU
		Release|Any CPU = Release|Any CPU
	EndGlobalSection
	GlobalSection(ProjectConfigurationPlatforms) = postSolution
		{7AE0346C-473D-4972-8F4B-0EC30DA38A1C}.Debug|Any CPU.ActiveCfg = Debug|Any CPU
		{7AE0346C-473D-4972-8F4B-0EC30DA38A1C}.Debug|Any CPU.Build.0 = Debug|Any CPU
		{7AE0346C-473D-4972-8F4B-0EC30DA38A1C}.Release|Any CPU.ActiveCfg = Release|Any CPU
		{7AE0346C-473D-4972-8F4B-0EC30DA38A1C}.Release|Any CPU.Build.0 = Release|Any CPU
		{BA9A59D0-2456-4DD9-8A9A-277D7569BE80}.Debug|Any CPU.ActiveCfg = Debug|Any CPU
		{BA9A59D0-2456-4DD9-8A9A-277D7569BE80}.Debug|Any CPU.Build.0 = Debug|Any CPU
		{BA9A59D0-2456-4DD9-8A9A-277D7569BE80}.Release|Any CPU.ActiveCfg = Release|Any CPU
		{BA9A59D0-2456-4DD9-8A9A-277D7569BE80}.Release|Any CPU.Build.0 = Release|Any CPU
		{6AF29E4E-9215-4686-B465-E44E851497F5}.Debug|Any CPU.ActiveCfg = Debug|Any CPU
		{6AF29E4E-9215-4686-B465-E44E851497F5}.Debug|Any CPU.Build.0 = Debug|Any CPU
		{6AF29E4E-9215-4686-B465-E44E851497F5}.Release|Any CPU.ActiveCfg = Release|Any CPU
		{6AF29E4E-9215-4686-B465-E44E851497F5}.Release|Any CPU.Build.0 = Release|Any CPU
	EndGlobalSection
	GlobalSection(SolutionProperties) = preSolution
		HideSolutionNode = FALSE
	EndGlobalSection
	GlobalSection(ExtensibilityGlobals) = postSolution
		SolutionGuid = {0F30FFD4-F0B3-4F5B-8AE1-44BBBEF6A429}
	EndGlobalSection
EndGlobal
